{
  "name": "react",
  "version": "0.0.0",
  "lockfileVersion": 3,
  "requires": true,
  "packages": {
    "": {
      "name": "react",
      "version": "0.0.0",
      "devDependencies": {
        "@testing-library/react": "^12.1.2"
      }
    },
    "../../../../../node_modules/.pnpm/@testing-library+react@12.1.5_@types+react@18.3.26_react-dom@18.3.1_react@18.3.1__react@18.3.1/node_modules/@testing-library/react": {
      "version": "12.1.5",
      "dev": true,
      "license": "MIT",
      "dependencies": {
        "@babel/runtime": "^7.12.5",
        "@testing-library/dom": "^8.0.0",
        "@types/react-dom": "<18.0.0"
      },
      "devDependencies": {
        "@testing-library/jest-dom": "^5.11.6",
        "dotenv-cli": "^4.0.0",
        "kcd-scripts": "^11.1.0",
        "npm-run-all": "^4.1.5",
        "react": "^17.0.1",
        "react-dom": "^17.0.1",
        "rimraf": "^3.0.2",
        "typescript": "^4.1.2"
      },
      "engines": {
        "node": ">=12"
      },
      "peerDependencies": {
        "react": "<18.0.0",
        "react-dom": "<18.0.0"
      }
    },
    "node_modules/@testing-library/react": {
      "resolved": "../../../../../node_modules/.pnpm/@testing-library+react@12.1.5_@types+react@18.3.26_react-dom@18.3.1_react@18.3.1__react@18.3.1/node_modules/@testing-library/react",
      "link": true
    }
  }
}
