{
    "name": "@egjs/preact-flicking",
    "version": "3.0.0",
    "lockfileVersion": 1,
    "requires": true,
    "dependencies": {
        "@babel/code-frame": {
            "version": "7.0.0",
            "resolved": "https://registry.npmjs.org/@babel/code-frame/-/code-frame-7.0.0.tgz",
            "integrity": "sha512-OfC2uemaknXr87bdLUkWog7nYuliM9Ij5HUcajsVcMCpQrcLmtxRbVFTIqmcSkSeYRBFBRxs2FiUqFJDLdiebA==",
            "requires": {
                "@babel/highlight": "^7.0.0"
            }
        },
        "@babel/generator": {
            "version": "7.7.4",
            "resolved": "https://registry.npmjs.org/@babel/generator/-/generator-7.7.4.tgz",
            "integrity": "sha512-m5qo2WgdOJeyYngKImbkyQrnUN1mPceaG5BV+G0E3gWsa4l/jCSryWJdM2x8OuGAOyh+3d5pVYfZWCiNFtynxg==",
            "requires": {
                "@babel/types": "^7.7.4",
                "jsesc": "^2.5.1",
                "lodash": "^4.17.13",
                "source-map": "^0.5.0"
            }
        },
        "@babel/helper-function-name": {
            "version": "7.7.4",
            "resolved": "https://registry.npmjs.org/@babel/helper-function-name/-/helper-function-name-7.7.4.tgz",
            "integrity": "sha512-AnkGIdiBhEuiwdoMnKm7jfPfqItZhgRaZfMg1XX3bS25INOnLPjPG1Ppnajh8eqgt5kPJnfqrRHqFqmjKDZLzQ==",
            "requires": {
                "@babel/helper-get-function-arity": "^7.7.4",
                "@babel/template": "^7.7.4",
                "@babel/types": "^7.7.4"
            }
        },
        "@babel/helper-get-function-arity": {
            "version": "7.7.4",
            "resolved": "https://registry.npmjs.org/@babel/helper-get-function-arity/-/helper-get-function-arity-7.7.4.tgz",
            "integrity": "sha512-QTGKEdCkjgzgfJ3bAyRwF4yyT3pg+vDgan8DSivq1eS0gwi+KGKE5x8kRcbeFTb/673mkO5SN1IZfmCfA5o+EA==",
            "requires": {
                "@babel/types": "^7.7.4"
            }
        },
        "@babel/helper-split-export-declaration": {
            "version": "7.7.4",
            "resolved": "https://registry.npmjs.org/@babel/helper-split-export-declaration/-/helper-split-export-declaration-7.7.4.tgz",
            "integrity": "sha512-guAg1SXFcVr04Guk9eq0S4/rWS++sbmyqosJzVs8+1fH5NI+ZcmkaSkc7dmtAFbHFva6yRJnjW3yAcGxjueDug==",
            "requires": {
                "@babel/types": "^7.7.4"
            }
        },
        "@babel/highlight": {
            "version": "7.5.0",
            "resolved": "https://registry.npmjs.org/@babel/highlight/-/highlight-7.5.0.tgz",
            "integrity": "sha512-7dV4eu9gBxoM0dAnj/BCFDW9LFU0zvTrkq0ugM7pnHEgguOEeOz1so2ZghEdzviYzQEED0r4EAgpsBChKy1TRQ==",
            "requires": {
                "chalk": "^2.0.0",
                "esutils": "^2.0.2",
                "js-tokens": "^4.0.0"
            }
        },
        "@babel/parser": {
            "version": "7.7.4",
            "resolved": "https://registry.npmjs.org/@babel/parser/-/parser-7.7.4.tgz",
            "integrity": "sha512-jIwvLO0zCL+O/LmEJQjWA75MQTWwx3c3u2JOTDK5D3/9egrWRRA0/0hk9XXywYnXZVVpzrBYeIQTmhwUaePI9g=="
        },
        "@babel/template": {
            "version": "7.7.4",
            "resolved": "https://registry.npmjs.org/@babel/template/-/template-7.7.4.tgz",
            "integrity": "sha512-qUzihgVPguAzXCK7WXw8pqs6cEwi54s3E+HrejlkuWO6ivMKx9hZl3Y2fSXp9i5HgyWmj7RKP+ulaYnKM4yYxw==",
            "requires": {
                "@babel/code-frame": "^7.0.0",
                "@babel/parser": "^7.7.4",
                "@babel/types": "^7.7.4"
            }
        },
        "@babel/traverse": {
            "version": "7.7.4",
            "resolved": "https://registry.npmjs.org/@babel/traverse/-/traverse-7.7.4.tgz",
            "integrity": "sha512-P1L58hQyupn8+ezVA2z5KBm4/Zr4lCC8dwKCMYzsa5jFMDMQAzaBNy9W5VjB+KAmBjb40U7a/H6ao+Xo+9saIw==",
            "requires": {
                "@babel/code-frame": "^7.5.5",
                "@babel/generator": "^7.7.4",
                "@babel/helper-function-name": "^7.7.4",
                "@babel/helper-split-export-declaration": "^7.7.4",
                "@babel/parser": "^7.7.4",
                "@babel/types": "^7.7.4",
                "debug": "^4.1.0",
                "globals": "^11.1.0",
                "lodash": "^4.17.13"
            },
            "dependencies": {
                "@babel/code-frame": {
                    "version": "7.5.5",
                    "resolved": "https://registry.npmjs.org/@babel/code-frame/-/code-frame-7.5.5.tgz",
                    "integrity": "sha512-27d4lZoomVyo51VegxI20xZPuSHusqbQag/ztrBC7wegWoQ1nLREPVSKSW8byhTlzTKyNE4ifaTA6lCp7JjpFw==",
                    "requires": {
                        "@babel/highlight": "^7.0.0"
                    }
                }
            }
        },
        "@babel/types": {
            "version": "7.7.4",
            "resolved": "https://registry.npmjs.org/@babel/types/-/types-7.7.4.tgz",
            "integrity": "sha512-cz5Ji23KCi4T+YIE/BolWosrJuSmoZeN1EFnRtBwF+KKLi8GG/Z2c2hOJJeCXPk4mwk4QFvTmwIodJowXgttRA==",
            "requires": {
                "esutils": "^2.0.2",
                "lodash": "^4.17.13",
                "to-fast-properties": "^2.0.0"
            }
        },
        "@daybrush/utils": {
            "version": "0.10.1",
            "resolved": "https://registry.npmjs.org/@daybrush/utils/-/utils-0.10.1.tgz",
            "integrity": "sha512-pKnlI3C+u/qgkhypQQT9G7YwEmBp+6XD5ZHzVCKtA0avuku//KGdLoIT6QL78aXI7ZPlJwY31t24+6xkxqdoJg==",
            "dev": true
        },
        "@egjs/agent": {
            "version": "2.2.1",
            "resolved": "https://registry.npmjs.org/@egjs/agent/-/agent-2.2.1.tgz",
            "integrity": "sha512-SxrZbkYY/tdOmTLvuN/Jm5y/BgVw9l7H/jcdkI7DxO3Dv/6YFU20y+GYBGv+4rZTtmUs4luDucfHrU44IwWDOw=="
        },
        "@egjs/axes": {
            "version": "2.7.2",
            "resolved": "https://registry.npmjs.org/@egjs/axes/-/axes-2.7.2.tgz",
            "integrity": "sha512-Ji2H2QlMimb+nLEBHSt+OuYvl04VwrmeMyvM3ImlzeOpXy96wY5Cl/re7TP40Ljpx/ttXBzHF6UnkOamW/+8Ng==",
            "requires": {
                "@egjs/agent": "^2.2.1",
                "@egjs/component": "^2.2.2",
                "@egjs/hammerjs": "^2.0.15"
            },
            "dependencies": {
                "@egjs/component": {
                    "version": "2.2.2",
                    "resolved": "https://registry.npmjs.org/@egjs/component/-/component-2.2.2.tgz",
                    "integrity": "sha512-2m6nu6/Mbs6VnoT4IHFGUBX6V82Zp01zDmlWpIJ3fMatHpe7BB1qUYFgMmSWGY0uOvOl4plvflwbCRUAGMfwWQ=="
                }
            }
        },
        "@egjs/build-helper": {
            "version": "0.1.2",
            "resolved": "https://registry.npmjs.org/@egjs/build-helper/-/build-helper-0.1.2.tgz",
            "integrity": "sha512-VdTllKles30qLgutKwIxapwXGEuU5kS95b+u01unphw3TouGROskPvLqEJ7SIubqgPc6q3vRlTgOe75yhaYF8w==",
            "requires": {
                "rollup": "^1.7.4",
                "rollup-plugin-commonjs": "^9.3.4",
                "rollup-plugin-node-resolve": "^4.0.1",
                "rollup-plugin-prototype-minify": "^1.0.5",
                "rollup-plugin-replace": "^2.1.1",
                "rollup-plugin-typescript": "^1.0.1",
                "rollup-plugin-uglify": "^6.0.2",
                "rollup-plugin-visualizer": "^1.1.0"
            },
            "dependencies": {
                "rollup-plugin-node-resolve": {
                    "version": "4.2.4",
                    "resolved": "https://registry.npmjs.org/rollup-plugin-node-resolve/-/rollup-plugin-node-resolve-4.2.4.tgz",
                    "integrity": "sha512-t/64I6l7fZ9BxqD3XlX4ZeO6+5RLKyfpwE2CiPNUKa+GocPlQhf/C208ou8y3AwtNsc6bjSk/8/6y/YAyxCIvw==",
                    "requires": {
                        "@types/resolve": "0.0.8",
                        "builtin-modules": "^3.1.0",
                        "is-module": "^1.0.0",
                        "resolve": "^1.10.0"
                    }
                }
            }
        },
        "@egjs/children-differ": {
            "version": "1.0.1",
            "resolved": "https://registry.npmjs.org/@egjs/children-differ/-/children-differ-1.0.1.tgz",
            "integrity": "sha512-DRvyqMf+CPCOzAopQKHtW+X8iN6Hy6SFol+/7zCUiE5y4P/OB8JP8FtU4NxtZwtafvSL4faD5KoQYPj3JHzPFQ==",
            "requires": {
                "@egjs/list-differ": "^1.0.0"
            }
        },
        "@egjs/flicking": {
            "version": "3.7.0",
            "resolved": "https://registry.npmjs.org/@egjs/flicking/-/flicking-3.7.0.tgz",
            "integrity": "sha512-NFrsnrSbkVrdiaJGhrbh0iE51v/5OMZD83e9qEPbObsZ/xn2AbCJRHbDnPRT0zDx8nb8Y8gC4+9j/DAMnVjG4g==",
            "dev": true,
            "requires": {
                "@egjs/axes": "^2.7.0",
                "@egjs/component": "^2.2.2",
                "@egjs/imready": "^1.1.0",
                "@egjs/list-differ": "^1.0.0"
            },
            "dependencies": {
                "@egjs/component": {
                    "version": "2.2.2",
                    "resolved": "https://registry.npmjs.org/@egjs/component/-/component-2.2.2.tgz",
                    "integrity": "sha512-2m6nu6/Mbs6VnoT4IHFGUBX6V82Zp01zDmlWpIJ3fMatHpe7BB1qUYFgMmSWGY0uOvOl4plvflwbCRUAGMfwWQ==",
                    "dev": true
                }
            }
        },
        "@egjs/flicking-plugins": {
            "version": "3.3.0",
            "resolved": "https://registry.npmjs.org/@egjs/flicking-plugins/-/flicking-plugins-3.3.0.tgz",
            "integrity": "sha512-FUpqsqRQgmBgOTCs1STnDDVOTr1FynAcKrMo+MDD9JAjTD6Gv+MJgYJdu0oZTSt15lJfJhFizlEFKXLNW1eCWA==",
            "dev": true,
            "requires": {
                "@egjs/flicking": "^3.1.1"
            }
        },
        "@egjs/hammerjs": {
            "version": "2.0.17",
            "resolved": "https://registry.npmjs.org/@egjs/hammerjs/-/hammerjs-2.0.17.tgz",
            "integrity": "sha512-XQsZgjm2EcVUiZQf11UBJQfmZeEmOW8DpI1gsFeln6w0ae0ii4dMQEQ0kjl6DspdWX1aGY1/loyXnP0JS06e/A==",
            "requires": {
                "@types/hammerjs": "^2.0.36"
            }
        },
        "@egjs/imready": {
            "version": "1.1.2",
            "resolved": "https://registry.npmjs.org/@egjs/imready/-/imready-1.1.2.tgz",
            "integrity": "sha512-spvuv/hNoyWYdpgYCGt4JIDk0e+3Ce5XcXazSTcF4xBuYKLeKp9tqRRORsPYsaiAfvZR0FKYG8haq0Sx2k+cqQ==",
            "requires": {
                "@egjs/component": "^2.2.2"
            },
            "dependencies": {
                "@egjs/component": {
                    "version": "2.2.2",
                    "resolved": "https://registry.npmjs.org/@egjs/component/-/component-2.2.2.tgz",
                    "integrity": "sha512-2m6nu6/Mbs6VnoT4IHFGUBX6V82Zp01zDmlWpIJ3fMatHpe7BB1qUYFgMmSWGY0uOvOl4plvflwbCRUAGMfwWQ=="
                }
            }
        },
        "@egjs/list-differ": {
            "version": "1.0.0",
            "resolved": "https://registry.npmjs.org/@egjs/list-differ/-/list-differ-1.0.0.tgz",
            "integrity": "sha512-HsbMKc0ZAQH+EUeCmI/2PvTYSybmkaWwakU8QGDYYgMVIg9BQ5sM0A0Nnombjxo2+JzXHxmH+jw//yGX+y6GYw=="
        },
        "@egjs/react-flicking": {
            "version": "3.5.1",
            "resolved": "https://registry.npmjs.org/@egjs/react-flicking/-/react-flicking-3.5.1.tgz",
            "integrity": "sha512-LkNCGLqA1aVurbPPuery+yXEHsF1JC2tKZYSySjzAnxTYk+4fqvrahYR9nmMnTu7BNvdpHpDnpiCJY3kdzpArQ==",
            "requires": {
                "@egjs/children-differ": "^1.0.1",
                "@egjs/flicking": "^3.7.0",
                "@egjs/list-differ": "^1.0.0"
            },
            "dependencies": {
                "@egjs/component": {
                    "version": "2.2.2",
                    "resolved": "https://registry.npmjs.org/@egjs/component/-/component-2.2.2.tgz",
                    "integrity": "sha512-2m6nu6/Mbs6VnoT4IHFGUBX6V82Zp01zDmlWpIJ3fMatHpe7BB1qUYFgMmSWGY0uOvOl4plvflwbCRUAGMfwWQ=="
                },
                "@egjs/flicking": {
                    "version": "3.7.0",
                    "resolved": "https://registry.npmjs.org/@egjs/flicking/-/flicking-3.7.0.tgz",
                    "integrity": "sha512-NFrsnrSbkVrdiaJGhrbh0iE51v/5OMZD83e9qEPbObsZ/xn2AbCJRHbDnPRT0zDx8nb8Y8gC4+9j/DAMnVjG4g==",
                    "requires": {
                        "@egjs/axes": "^2.7.0",
                        "@egjs/component": "^2.2.2",
                        "@egjs/imready": "^1.1.0",
                        "@egjs/list-differ": "^1.0.0"
                    }
                }
            }
        },
        "@types/estree": {
            "version": "0.0.40",
            "resolved": "https://registry.npmjs.org/@types/estree/-/estree-0.0.40.tgz",
            "integrity": "sha512-p3KZgMto/JyxosKGmnLDJ/dG5wf+qTRMUjHJcspC2oQKa4jP7mz+tv0ND56lLBu3ojHlhzY33Ol+khLyNmilkA=="
        },
        "@types/hammerjs": {
            "version": "2.0.36",
            "resolved": "https://registry.npmjs.org/@types/hammerjs/-/hammerjs-2.0.36.tgz",
            "integrity": "sha512-7TUK/k2/QGpEAv/BCwSHlYu3NXZhQ9ZwBYpzr9tjlPIL2C5BeGhH3DmVavRx3ZNyELX5TLC91JTz/cen6AAtIQ=="
        },
        "@types/node": {
            "version": "12.0.8",
            "resolved": "https://registry.npmjs.org/@types/node/-/node-12.0.8.tgz",
            "integrity": "sha512-b8bbUOTwzIY3V5vDTY1fIJ+ePKDUBqt2hC2woVGotdQQhG/2Sh62HOKHrT7ab+VerXAcPyAiTEipPu/FsreUtg=="
        },
        "@types/resolve": {
            "version": "0.0.8",
            "resolved": "https://registry.npmjs.org/@types/resolve/-/resolve-0.0.8.tgz",
            "integrity": "sha512-auApPaJf3NPfe18hSoJkp8EbZzer2ISk7o8mCC3M9he/a04+gbMF97NkpD2S8riMGvm4BMRI59/SZQSaLTKpsQ==",
            "requires": {
                "@types/node": "*"
            }
        },
        "acorn": {
            "version": "7.1.0",
            "resolved": "https://registry.npmjs.org/acorn/-/acorn-7.1.0.tgz",
            "integrity": "sha512-kL5CuoXA/dgxlBbVrflsflzQ3PAas7RYZB52NOm/6839iVYJgKMJ3cQJD+t2i5+qFa8h3MDpEOJiS64E8JLnSQ=="
        },
        "ansi-styles": {
            "version": "3.2.1",
            "resolved": "https://registry.npmjs.org/ansi-styles/-/ansi-styles-3.2.1.tgz",
            "integrity": "sha512-VT0ZI6kZRdTh8YyJw3SMbYm/u+NqfsAxEpWO0Pf9sq8/e94WxxOpPKx9FR1FlyCtOVDNOQ+8ntlqFxiRc+r5qA==",
            "requires": {
                "color-convert": "^1.9.0"
            }
        },
        "builtin-modules": {
            "version": "3.1.0",
            "resolved": "https://registry.npmjs.org/builtin-modules/-/builtin-modules-3.1.0.tgz",
            "integrity": "sha512-k0KL0aWZuBt2lrxrcASWDfwOLMnodeQjodT/1SxEQAXsHANgo6ZC/VEaSEHCXt7aSTZ4/4H5LKa+tBXmW7Vtvw=="
        },
        "chalk": {
            "version": "2.4.2",
            "resolved": "https://registry.npmjs.org/chalk/-/chalk-2.4.2.tgz",
            "integrity": "sha512-Mti+f9lpJNcwF4tWV8/OrTTtF1gZi+f8FqlyAdouralcFWFQWF2+NgCHShjkCb+IFBLq9buZwE1xckQU4peSuQ==",
            "requires": {
                "ansi-styles": "^3.2.1",
                "escape-string-regexp": "^1.0.5",
                "supports-color": "^5.3.0"
            }
        },
        "color-convert": {
            "version": "1.9.3",
            "resolved": "https://registry.npmjs.org/color-convert/-/color-convert-1.9.3.tgz",
            "integrity": "sha512-QfAUtd+vFdAtFQcC8CCyYt1fYWxSqAiK2cSD6zDB8N3cpsEBAvRxp9zOGg6G/SHHJYAT88/az/IuDGALsNVbGg==",
            "requires": {
                "color-name": "1.1.3"
            }
        },
        "color-name": {
            "version": "1.1.3",
            "resolved": "https://registry.npmjs.org/color-name/-/color-name-1.1.3.tgz",
            "integrity": "sha1-p9BVi9icQveV3UIyj3QIMcpTvCU="
        },
        "debug": {
            "version": "4.1.1",
            "resolved": "https://registry.npmjs.org/debug/-/debug-4.1.1.tgz",
            "integrity": "sha512-pYAIzeRo8J6KPEaJ0VWOh5Pzkbw/RetuzehGM7QRRX5he4fPHx2rdKMB256ehJCkX+XRQm16eZLqLNS8RSZXZw==",
            "requires": {
                "ms": "^2.1.1"
            }
        },
        "escape-string-regexp": {
            "version": "1.0.5",
            "resolved": "https://registry.npmjs.org/escape-string-regexp/-/escape-string-regexp-1.0.5.tgz",
            "integrity": "sha1-G2HAViGQqN/2rjuyzwIAyhMLhtQ="
        },
        "estree-walker": {
            "version": "0.6.1",
            "resolved": "https://registry.npmjs.org/estree-walker/-/estree-walker-0.6.1.tgz",
            "integrity": "sha512-SqmZANLWS0mnatqbSfRP5g8OXZC12Fgg1IwNtLsyHDzJizORW4khDfjPqJZsemPWBB2uqykUah5YpQ6epsqC/w=="
        },
        "esutils": {
            "version": "2.0.2",
            "resolved": "https://registry.npmjs.org/esutils/-/esutils-2.0.2.tgz",
            "integrity": "sha1-Cr9PHKpbyx96nYrMbepPqqBLrJs="
        },
        "filesize": {
            "version": "3.6.1",
            "resolved": "https://registry.npmjs.org/filesize/-/filesize-3.6.1.tgz",
            "integrity": "sha512-7KjR1vv6qnicaPMi1iiTcI85CyYwRO/PSFCu6SvqL8jN2Wjt/NIYQTFtFs7fSDCYOstUkEWIQGFUg5YZQfjlcg==",
            "dev": true
        },
        "fs-extra": {
            "version": "5.0.0",
            "resolved": "https://registry.npmjs.org/fs-extra/-/fs-extra-5.0.0.tgz",
            "integrity": "sha512-66Pm4RYbjzdyeuqudYqhFiNBbCIuI9kgRqLPSHIlXHidW8NIQtVdkM1yeZ4lXwuhbTETv3EUGMNHAAw6hiundQ==",
            "dev": true,
            "requires": {
                "graceful-fs": "^4.1.2",
                "jsonfile": "^4.0.0",
                "universalify": "^0.1.0"
            }
        },
        "globals": {
            "version": "11.12.0",
            "resolved": "https://registry.npmjs.org/globals/-/globals-11.12.0.tgz",
            "integrity": "sha512-WOBp/EEGUiIsJSp7wcv/y6MO+lV9UoncWqxuFfm8eBwzWNgyfBd6Gz+IeKQ9jCmyhoH99g15M3T+QaVHFjizVA=="
        },
        "graceful-fs": {
            "version": "4.2.0",
            "resolved": "https://registry.npmjs.org/graceful-fs/-/graceful-fs-4.2.0.tgz",
            "integrity": "sha512-jpSvDPV4Cq/bgtpndIWbI5hmYxhQGHPC4d4cqBPb4DLniCfhJokdXhwhaDuLBGLQdvvRum/UiX6ECVIPvDXqdg==",
            "dev": true
        },
        "has-flag": {
            "version": "3.0.0",
            "resolved": "https://registry.npmjs.org/has-flag/-/has-flag-3.0.0.tgz",
            "integrity": "sha1-tdRU3CGZriJWmfNGfloH87lVuv0="
        },
        "highlight.js": {
            "version": "10.5.0",
            "resolved": "https://registry.npmjs.org/highlight.js/-/highlight.js-10.5.0.tgz",
            "integrity": "sha512-xTmvd9HiIHR6L53TMC7TKolEj65zG1XU+Onr8oi86mYa+nLcIbxTTWkpW7CsEwv/vK7u1zb8alZIMLDqqN6KTw==",
            "dev": true
        },
        "immutability-helper": {
            "version": "2.9.1",
            "resolved": "https://registry.npmjs.org/immutability-helper/-/immutability-helper-2.9.1.tgz",
            "integrity": "sha512-r/RmRG8xO06s/k+PIaif2r5rGc3j4Yhc01jSBfwPCXDLYZwp/yxralI37Df1mwmuzcCsen/E/ITKcTEvc1PQmQ==",
            "dev": true,
            "requires": {
                "invariant": "^2.2.0"
            }
        },
        "invariant": {
            "version": "2.2.4",
            "resolved": "https://registry.npmjs.org/invariant/-/invariant-2.2.4.tgz",
            "integrity": "sha512-phJfQVBuaJM5raOpJjSfkiD6BpbCE4Ns//LaXl6wGYtUBY83nWS6Rf9tXm2e8VaK60JEjYldbPif/A2B1C2gNA==",
            "dev": true,
            "requires": {
                "loose-envify": "^1.0.0"
            }
        },
        "is-module": {
            "version": "1.0.0",
            "resolved": "https://registry.npmjs.org/is-module/-/is-module-1.0.0.tgz",
            "integrity": "sha1-Mlj7afeMFNW4FdZkM2tM/7ZEFZE="
        },
        "is-wsl": {
            "version": "1.1.0",
            "resolved": "https://registry.npmjs.org/is-wsl/-/is-wsl-1.1.0.tgz",
            "integrity": "sha1-HxbkqiKwTRM2tmGIpmrzxgDDpm0="
        },
        "jest-worker": {
            "version": "24.9.0",
            "resolved": "https://registry.npmjs.org/jest-worker/-/jest-worker-24.9.0.tgz",
            "integrity": "sha512-51PE4haMSXcHohnSMdM42anbvZANYTqMrr52tVKPqqsPJMzoP6FYYDVqahX/HrAoKEKz3uUPzSvKs9A3qR4iVw==",
            "requires": {
                "merge-stream": "^2.0.0",
                "supports-color": "^6.1.0"
            },
            "dependencies": {
                "supports-color": {
                    "version": "6.1.0",
                    "resolved": "https://registry.npmjs.org/supports-color/-/supports-color-6.1.0.tgz",
                    "integrity": "sha512-qe1jfm1Mg7Nq/NSh6XE24gPXROEVsWHxC1LIx//XNlD9iw7YZQGjZNjYN7xGaEG6iKdA8EtNFW6R0gjnVXp+wQ==",
                    "requires": {
                        "has-flag": "^3.0.0"
                    }
                }
            }
        },
        "js-tokens": {
            "version": "4.0.0",
            "resolved": "https://registry.npmjs.org/js-tokens/-/js-tokens-4.0.0.tgz",
            "integrity": "sha512-RdJUflcE3cUzKiMqQgsCu06FPu9UdIJO0beYbPhHN4k6apgJtifcoCtT9bcxOpYBtpD2kCM6Sbzg4CausW/PKQ=="
        },
        "jsesc": {
            "version": "2.5.2",
            "resolved": "https://registry.npmjs.org/jsesc/-/jsesc-2.5.2.tgz",
            "integrity": "sha512-OYu7XEzjkCQ3C5Ps3QIZsQfNpqoJyZZA99wd9aWd05NCtC5pWOkShK2mkL6HXQR6/Cy2lbNdPlZBpuQHXE63gA=="
        },
        "jsonfile": {
            "version": "4.0.0",
            "resolved": "https://registry.npmjs.org/jsonfile/-/jsonfile-4.0.0.tgz",
            "integrity": "sha1-h3Gq4HmbZAdrdmQPygWPnBDjPss=",
            "dev": true,
            "requires": {
                "graceful-fs": "^4.1.6"
            }
        },
        "lodash": {
            "version": "4.17.15",
            "resolved": "https://registry.npmjs.org/lodash/-/lodash-4.17.15.tgz",
            "integrity": "sha512-8xOcRHvCjnocdS5cpwXQXVzmmh5e5+saE2QGoeQmbKmRS6J3VQppPOIt0MnmE+4xlZoumy0GPG0D0MVIQbNA1A=="
        },
        "loose-envify": {
            "version": "1.4.0",
            "resolved": "https://registry.npmjs.org/loose-envify/-/loose-envify-1.4.0.tgz",
            "integrity": "sha512-lyuxPGr/Wfhrlem2CL/UcnUc1zcqKAImBDzukY7Y5F/yQiNdko6+fRLevlw1HgMySw7f611UIY408EtxRSoK3Q==",
            "dev": true,
            "requires": {
                "js-tokens": "^3.0.0 || ^4.0.0"
            }
        },
        "magic-string": {
            "version": "0.25.4",
            "resolved": "https://registry.npmjs.org/magic-string/-/magic-string-0.25.4.tgz",
            "integrity": "sha512-oycWO9nEVAP2RVPbIoDoA4Y7LFIJ3xRYov93gAyJhZkET1tNuB0u7uWkZS2LpBWTJUWnmau/To8ECWRC+jKNfw==",
            "requires": {
                "sourcemap-codec": "^1.4.4"
            }
        },
        "merge-stream": {
            "version": "2.0.0",
            "resolved": "https://registry.npmjs.org/merge-stream/-/merge-stream-2.0.0.tgz",
            "integrity": "sha512-abv/qOcuPfk3URPfDzmZU1LKmuw8kT+0nIHvKrKgFrwifol/doWcdA4ZqsWQ8ENrFKkd67Mfpo/LovbIUsbt3w=="
        },
        "minimist": {
            "version": "0.0.8",
            "resolved": "https://registry.npmjs.org/minimist/-/minimist-0.0.8.tgz",
            "integrity": "sha1-hX/Kv8M5fSYluCKCYuhqp6ARsF0="
        },
        "mkdirp": {
            "version": "0.5.1",
            "resolved": "https://registry.npmjs.org/mkdirp/-/mkdirp-0.5.1.tgz",
            "integrity": "sha1-MAV0OOrGz3+MR2fzhkjWaX11yQM=",
            "requires": {
                "minimist": "0.0.8"
            }
        },
        "ms": {
            "version": "2.1.2",
            "resolved": "https://registry.npmjs.org/ms/-/ms-2.1.2.tgz",
            "integrity": "sha512-sGkPx+VjMtmA6MX27oA4FBFELFCZZ4S4XqeGOXCv68tT+jb3vk/RyaKWP0PTKyWtmLSM0b+adUTEvbs1PEaH2w=="
        },
        "object-assign": {
            "version": "4.1.1",
            "resolved": "https://registry.npmjs.org/object-assign/-/object-assign-4.1.1.tgz",
            "integrity": "sha1-IQmtx5ZYh8/AXLvUQsrIv7s2CGM=",
            "dev": true
        },
        "opn": {
            "version": "5.5.0",
            "resolved": "https://registry.npmjs.org/opn/-/opn-5.5.0.tgz",
            "integrity": "sha512-PqHpggC9bLV0VeWcdKhkpxY+3JTzetLSqTCWL/z/tFIbI6G8JCjondXklT1JinczLz2Xib62sSp0T/gKT4KksA==",
            "requires": {
                "is-wsl": "^1.1.0"
            }
        },
        "path-parse": {
            "version": "1.0.6",
            "resolved": "https://registry.npmjs.org/path-parse/-/path-parse-1.0.6.tgz",
            "integrity": "sha512-GSmOT2EbHrINBf9SR7CDELwlJ8AENk3Qn7OikK4nFYAu3Ote2+JYNVvkpAEQm3/TLNEJFD/xZJjzyxg3KBWOzw=="
        },
        "preact": {
            "version": "10.0.0",
            "resolved": "https://registry.npmjs.org/preact/-/preact-10.0.0.tgz",
            "integrity": "sha512-v5geBMq8xlX7Ai8ed0QFXIs7/SQ+4lzdu3fpApRspZ6IiFDRHeEXQ3fqns0jDsXseHjYqgWlK1QxqdWF4QrdFw==",
            "dev": true
        },
        "preact-compat": {
            "version": "3.19.0",
            "resolved": "https://registry.npmjs.org/preact-compat/-/preact-compat-3.19.0.tgz",
            "integrity": "sha512-f83A4hIhH8Uzhb9GbIcGk8SM19ffWlwP9mDaYwQdRnMdekZwcCA7eIAbeV4EMQaV9C0Yuy8iKgBAtyTKPZQt/Q==",
            "dev": true,
            "requires": {
                "immutability-helper": "^2.7.1",
                "preact-context": "^1.1.3",
                "preact-render-to-string": "^3.8.2",
                "preact-transition-group": "^1.1.1",
                "prop-types": "^15.6.2",
                "standalone-react-addons-pure-render-mixin": "^0.1.1"
            }
        },
        "preact-compat2": {
            "version": "0.1.0",
            "resolved": "https://registry.npmjs.org/preact-compat2/-/preact-compat2-0.1.0.tgz",
            "integrity": "sha512-CyuS/MJ0eKiVZIuiE/+WOPWf2oxKCJ5yP1+fRDKUD57t+b4H3HGNNuKfeghnT/pwD+MbC+s84SqfYiW96ngQaw==",
            "dev": true,
            "requires": {
                "@daybrush/utils": "^0.10.0",
                "preact-compat": "^3.19.0",
                "preact-context": "^1.1.3"
            }
        },
        "preact-context": {
            "version": "1.1.3",
            "resolved": "https://registry.npmjs.org/preact-context/-/preact-context-1.1.3.tgz",
            "integrity": "sha512-2LcpjZG6JUhBgqziVH+nJtmu9PS5KzWoFx6wX2svXw0oBHhU6e8tQZhEkKLMOAxdmj7gVzApfS/B6V+fjJ/llA==",
            "dev": true
        },
        "preact-render-to-string": {
            "version": "3.8.2",
            "resolved": "https://registry.npmjs.org/preact-render-to-string/-/preact-render-to-string-3.8.2.tgz",
            "integrity": "sha512-przuZPajiurStGgxMoJP0EJeC4xj5CgHv+M7GfF3YxAdhGgEWAkhOSE0xympAFN20uMayntBZpttIZqqLl77fw==",
            "dev": true,
            "requires": {
                "pretty-format": "^3.5.1"
            }
        },
        "preact-transition-group": {
            "version": "1.1.1",
            "resolved": "https://registry.npmjs.org/preact-transition-group/-/preact-transition-group-1.1.1.tgz",
            "integrity": "sha1-8KSTJ+pRXs406ivoZMSn0p5dbhA=",
            "dev": true
        },
        "pretty-format": {
            "version": "3.8.0",
            "resolved": "https://registry.npmjs.org/pretty-format/-/pretty-format-3.8.0.tgz",
            "integrity": "sha1-v77VbV6ad2ZF9LH/eqGjrE+jw4U=",
            "dev": true
        },
        "print-sizes": {
            "version": "0.1.0",
            "resolved": "https://registry.npmjs.org/print-sizes/-/print-sizes-0.1.0.tgz",
            "integrity": "sha512-W5f2LCf5LzuxCdmW0or7zkeR2IZ1TJAAyYyn/hbS+bpIN1BfcNHPKX4V1jgFwp+5KXaYJEEo7vFrOqbMn7X+YA==",
            "dev": true,
            "requires": {
                "filesize": "^3.6.1"
            }
        },
        "prop-types": {
            "version": "15.7.2",
            "resolved": "https://registry.npmjs.org/prop-types/-/prop-types-15.7.2.tgz",
            "integrity": "sha512-8QQikdH7//R2vurIJSutZ1smHYTcLpRWEOlHnzcWHmBYrOGUysKwSsrC89BCiFj3CbrfJ/nXFdJepOVrY1GCHQ==",
            "dev": true,
            "requires": {
                "loose-envify": "^1.4.0",
                "object-assign": "^4.1.1",
                "react-is": "^16.8.1"
            }
        },
        "prototype-minify": {
            "version": "1.1.0",
            "resolved": "https://registry.npmjs.org/prototype-minify/-/prototype-minify-1.1.0.tgz",
            "integrity": "sha512-xsxG/Bh06Y0keIM/DNsOnX0lFuPVrhl7v48FxEHg8xCAjPjjoI2EruVdJbzfYHCGqf8HqD4JI3s7gsWZ392x9w==",
            "requires": {
                "@babel/generator": "^7.1.2",
                "@babel/parser": "^7.1.2",
                "@babel/traverse": "^7.1.0",
                "@babel/types": "^7.1.2"
            }
        },
        "react-is": {
            "version": "16.10.2",
            "resolved": "https://registry.npmjs.org/react-is/-/react-is-16.10.2.tgz",
            "integrity": "sha512-INBT1QEgtcCCgvccr5/86CfD71fw9EPmDxgiJX4I2Ddr6ZsV6iFXsuby+qWJPtmNuMY0zByTsG4468P7nHuNWA==",
            "dev": true
        },
        "resolve": {
            "version": "1.11.1",
            "resolved": "https://registry.npmjs.org/resolve/-/resolve-1.11.1.tgz",
            "integrity": "sha512-vIpgF6wfuJOZI7KKKSP+HmiKggadPQAdsp5HiC1mvqnfp0gF1vdwgBWZIdrVft9pgqoMFQN+R7BSWZiBxx+BBw==",
            "requires": {
                "path-parse": "^1.0.6"
            }
        },
        "rollup": {
            "version": "1.27.5",
            "resolved": "https://registry.npmjs.org/rollup/-/rollup-1.27.5.tgz",
            "integrity": "sha512-8rfVdzuTg2kt8ObD9LNJpEwUN7B6lsl3sHc5fddtgICpLjpYeSf4m2+RftBzcCaBTMi1iYX3Ez8zFT4Gj2nJjg==",
            "requires": {
                "@types/estree": "*",
                "@types/node": "*",
                "acorn": "^7.1.0"
            }
        },
        "rollup-plugin-commonjs": {
            "version": "9.3.4",
            "resolved": "https://registry.npmjs.org/rollup-plugin-commonjs/-/rollup-plugin-commonjs-9.3.4.tgz",
            "integrity": "sha512-DTZOvRoiVIHHLFBCL4pFxOaJt8pagxsVldEXBOn6wl3/V21wVaj17HFfyzTsQUuou3sZL3lEJZVWKPFblJfI6w==",
            "requires": {
                "estree-walker": "^0.6.0",
                "magic-string": "^0.25.2",
                "resolve": "^1.10.0",
                "rollup-pluginutils": "^2.6.0"
            }
        },
        "rollup-plugin-css-bundle": {
            "version": "1.0.4",
            "resolved": "https://registry.npmjs.org/rollup-plugin-css-bundle/-/rollup-plugin-css-bundle-1.0.4.tgz",
            "integrity": "sha512-J2Skkm/7hQhFgGNb57Lz3rQJCW2G24ggUej9OzXZe6b+ymqXpRHVMFtfpqe3g/YCS3PJsvujY99T3euGVdMP6Q==",
            "dev": true,
            "requires": {
                "fs-extra": "^5.0.0",
                "rollup-pluginutils": "^2.0.1"
            }
        },
        "rollup-plugin-node-resolve": {
            "version": "5.2.0",
            "resolved": "https://registry.npmjs.org/rollup-plugin-node-resolve/-/rollup-plugin-node-resolve-5.2.0.tgz",
            "integrity": "sha512-jUlyaDXts7TW2CqQ4GaO5VJ4PwwaV8VUGA7+km3n6k6xtOEacf61u0VXwN80phY/evMcaS+9eIeJ9MOyDxt5Zw==",
            "dev": true,
            "requires": {
                "@types/resolve": "0.0.8",
                "builtin-modules": "^3.1.0",
                "is-module": "^1.0.0",
                "resolve": "^1.11.1",
                "rollup-pluginutils": "^2.8.1"
            }
        },
        "rollup-plugin-preact": {
            "version": "0.5.2",
            "resolved": "https://registry.npmjs.org/rollup-plugin-preact/-/rollup-plugin-preact-0.5.2.tgz",
            "integrity": "sha512-JtHezSgyBpOhWba9pYrjM5eWpKVDzrqEYrV0E5CEucXM5WR5jSX3b6puKHEw8Qn7FSOY1y8YysTcOUCkic2DpQ==",
            "dev": true,
            "requires": {
                "preact-compat": "^3.19.0",
                "preact-compat2": "^0.1.0",
                "rollup-plugin-node-resolve": "^5.2.0"
            }
        },
        "rollup-plugin-prototype-minify": {
            "version": "1.1.0",
            "resolved": "https://registry.npmjs.org/rollup-plugin-prototype-minify/-/rollup-plugin-prototype-minify-1.1.0.tgz",
            "integrity": "sha512-8kMi+F3Zy1q3NnxJbfIQuH0trYA1GxAtJjGxNidupsLIi47/azAM1rFvIlyeAD3gkqL3ZP/YrQgevH07D17b6g==",
            "requires": {
                "prototype-minify": "^1.1.0"
            }
        },
        "rollup-plugin-replace": {
            "version": "2.2.0",
            "resolved": "https://registry.npmjs.org/rollup-plugin-replace/-/rollup-plugin-replace-2.2.0.tgz",
            "integrity": "sha512-/5bxtUPkDHyBJAKketb4NfaeZjL5yLZdeUihSfbF2PQMz+rSTEb8ARKoOl3UBT4m7/X+QOXJo3sLTcq+yMMYTA==",
            "requires": {
                "magic-string": "^0.25.2",
                "rollup-pluginutils": "^2.6.0"
            }
        },
        "rollup-plugin-typescript": {
            "version": "1.0.1",
            "resolved": "https://registry.npmjs.org/rollup-plugin-typescript/-/rollup-plugin-typescript-1.0.1.tgz",
            "integrity": "sha512-rwJDNn9jv/NsKZuyBb/h0jsclP4CJ58qbvZt2Q9zDIGILF2LtdtvCqMOL+Gq9IVq5MTrTlHZNrn8h7VjQgd8tw==",
            "requires": {
                "resolve": "^1.10.0",
                "rollup-pluginutils": "^2.5.0"
            }
        },
        "rollup-plugin-uglify": {
            "version": "6.0.3",
            "resolved": "https://registry.npmjs.org/rollup-plugin-uglify/-/rollup-plugin-uglify-6.0.3.tgz",
            "integrity": "sha512-PIv3CfhZJlOG8C85N0GX+uK09TPggmAS6Nk6fpp2ELzDAV5VUhNzOURDU2j7+MwuRr0zq9IZttUTADc/jH8Gkg==",
            "requires": {
                "@babel/code-frame": "^7.0.0",
                "jest-worker": "^24.0.0",
                "serialize-javascript": "^1.9.0",
                "uglify-js": "^3.4.9"
            }
        },
        "rollup-plugin-visualizer": {
            "version": "1.1.1",
            "resolved": "https://registry.npmjs.org/rollup-plugin-visualizer/-/rollup-plugin-visualizer-1.1.1.tgz",
            "integrity": "sha512-7xkSKp+dyJmSC7jg2LXqViaHuOnF1VvIFCnsZEKjrgT5ZVyiLLSbeszxFcQSfNJILphqgAEmWAUz0Z4xYScrRw==",
            "requires": {
                "mkdirp": "^0.5.1",
                "opn": "^5.4.0",
                "source-map": "^0.7.3",
                "typeface-oswald": "0.0.54"
            },
            "dependencies": {
                "source-map": {
                    "version": "0.7.3",
                    "resolved": "https://registry.npmjs.org/source-map/-/source-map-0.7.3.tgz",
                    "integrity": "sha512-CkCj6giN3S+n9qrYiBTX5gystlENnRW5jZeNLHpe6aue+SrHcG5VYwujhW9s4dY31mEGsxBDrHR6oI69fTXsaQ=="
                }
            }
        },
        "rollup-pluginutils": {
            "version": "2.8.1",
            "resolved": "https://registry.npmjs.org/rollup-pluginutils/-/rollup-pluginutils-2.8.1.tgz",
            "integrity": "sha512-J5oAoysWar6GuZo0s+3bZ6sVZAC0pfqKz68De7ZgDi5z63jOVZn1uJL/+z1jeKHNbGII8kAyHF5q8LnxSX5lQg==",
            "requires": {
                "estree-walker": "^0.6.1"
            }
        },
        "serialize-javascript": {
            "version": "1.9.1",
            "resolved": "https://registry.npmjs.org/serialize-javascript/-/serialize-javascript-1.9.1.tgz",
            "integrity": "sha512-0Vb/54WJ6k5v8sSWN09S0ora+Hnr+cX40r9F170nT+mSkaxltoE/7R3OrIdBSUv1OoiobH1QoWQbCnAO+e8J1A=="
        },
        "source-map": {
            "version": "0.5.7",
            "resolved": "https://registry.npmjs.org/source-map/-/source-map-0.5.7.tgz",
            "integrity": "sha1-igOdLRAh0i0eoUyA2OpGi6LvP8w="
        },
        "sourcemap-codec": {
            "version": "1.4.6",
            "resolved": "https://registry.npmjs.org/sourcemap-codec/-/sourcemap-codec-1.4.6.tgz",
            "integrity": "sha512-1ZooVLYFxC448piVLBbtOxFcXwnymH9oUF8nRd3CuYDVvkRBxRl6pB4Mtas5a4drtL+E8LDgFkQNcgIw6tc8Hg=="
        },
        "standalone-react-addons-pure-render-mixin": {
            "version": "0.1.1",
            "resolved": "https://registry.npmjs.org/standalone-react-addons-pure-render-mixin/-/standalone-react-addons-pure-render-mixin-0.1.1.tgz",
            "integrity": "sha1-PHQJ9MecQN6axyxhbPZ5qZTzdVE=",
            "dev": true
        },
        "supports-color": {
            "version": "5.5.0",
            "resolved": "https://registry.npmjs.org/supports-color/-/supports-color-5.5.0.tgz",
            "integrity": "sha512-QjVjwdXIt408MIiAqCX4oUKsgU2EqAGzs2Ppkm4aQYbjm+ZEWEcW4SfFNTr4uMNZma0ey4f5lgLrkB0aX0QMow==",
            "requires": {
                "has-flag": "^3.0.0"
            }
        },
        "to-fast-properties": {
            "version": "2.0.0",
            "resolved": "https://registry.npmjs.org/to-fast-properties/-/to-fast-properties-2.0.0.tgz",
            "integrity": "sha1-3F5pjL0HkmW8c+A3doGk5Og/YW4="
        },
        "typeface-oswald": {
            "version": "0.0.54",
            "resolved": "https://registry.npmjs.org/typeface-oswald/-/typeface-oswald-0.0.54.tgz",
            "integrity": "sha512-U1WMNp4qfy4/3khIfHMVAIKnNu941MXUfs3+H9R8PFgnoz42Hh9pboSFztWr86zut0eXC8byalmVhfkiKON/8Q=="
        },
        "typescript": {
            "version": "3.5.3",
            "resolved": "https://registry.npmjs.org/typescript/-/typescript-3.5.3.tgz",
            "integrity": "sha512-ACzBtm/PhXBDId6a6sDJfroT2pOWt/oOnk4/dElG5G33ZL776N3Y6/6bKZJBFpd+b05F3Ct9qDjMeJmRWtE2/g==",
            "dev": true
        },
        "uglify-js": {
            "version": "3.7.0",
            "resolved": "https://registry.npmjs.org/uglify-js/-/uglify-js-3.7.0.tgz",
            "integrity": "sha512-PC/ee458NEMITe1OufAjal65i6lB58R1HWMRcxwvdz1UopW0DYqlRL3xdu3IcTvTXsB02CRHykidkTRL+A3hQA==",
            "requires": {
                "commander": "~2.20.3",
                "source-map": "~0.6.1"
            },
            "dependencies": {
                "commander": {
                    "version": "2.20.3",
                    "resolved": "https://registry.npmjs.org/commander/-/commander-2.20.3.tgz",
                    "integrity": "sha512-GpVkmM8vF2vQUkj2LvZmD35JxeJOLCwJ9cUkugyk2nuhbv3+mJvpLYYt+0+USMxE+oj+ey/lJEnhZw75x/OMcQ=="
                },
                "source-map": {
                    "version": "0.6.1",
                    "resolved": "https://registry.npmjs.org/source-map/-/source-map-0.6.1.tgz",
                    "integrity": "sha512-UjgapumWlbMhkBgzT7Ykc5YXUT46F0iKu8SGXq0bcwP5dz/h0Plj6enJqjz1Zbq2l5WaqYnrVbwWOWMyF3F47g=="
                }
            }
        },
        "universalify": {
            "version": "0.1.2",
            "resolved": "https://registry.npmjs.org/universalify/-/universalify-0.1.2.tgz",
            "integrity": "sha512-rBJeI5CXAlmy1pV+617WB9J63U6XcazHHF2f2dbJix4XzpUF0RS3Zbj0FGIOCAva5P/d/GBOYaACQ1w+0azUkg==",
            "dev": true
        }
    }
}
