{
	"name": "@egjs/flicking-effects",
	"version": "0.0.1",
	"lockfileVersion": 1,
	"requires": true,
	"dependencies": {
		"@egjs/axes": {
			"version": "2.5.7",
			"resolved": "https://registry.npmjs.org/@egjs/axes/-/axes-2.5.7.tgz",
			"integrity": "sha512-5/oXivd3ehgBR3dnJLgudgvRwfK7t3oADMLJCc13rH/v+iJWBHYTdVIccu5kg12rERQ4+qDbgpblTGRTZHDGLw==",
			"requires": {
				"@egjs/component": "2.1.2",
				"@egjs/hammerjs": "2.0.12"
			}
		},
		"@egjs/component": {
			"version": "2.1.2",
			"resolved": "https://registry.npmjs.org/@egjs/component/-/component-2.1.2.tgz",
			"integrity": "sha512-7tnPiqxbSZ0porzlm0+/O3qZdanMj0zOq0sb17wQXuaRG49XKKKJaO+SacGnZDqf308N5hzJ0m9fZ4+j+VBvXA=="
		},
		"@egjs/flicking": {
			"version": "2.4.1",
			"resolved": "https://registry.npmjs.org/@egjs/flicking/-/flicking-2.4.1.tgz",
			"integrity": "sha512-HD+oI8RbT/sOM8TjALykVOp1nYsneOOtERFm4zcW18LYcSFLecG2cXFUsFAGDjA/Zby7vvlykAKcSpGbM8osbw==",
			"requires": {
				"@egjs/axes": "2.5.7",
				"@egjs/component": "2.1.2"
			}
		},
		"@egjs/hammerjs": {
			"version": "2.0.12",
			"resolved": "https://registry.npmjs.org/@egjs/hammerjs/-/hammerjs-2.0.12.tgz",
			"integrity": "sha512-2VIXzL8HtPNNsdgRGjXk6ZckLc12/PvsUAscKhmgu2+69VG/YuMl12+g0eTZpr5yaB2sPNbjYrIqnTETsuUS5w==",
			"requires": {
				"@types/hammerjs": "2.0.36"
			}
		},
		"@types/hammerjs": {
			"version": "2.0.36",
			"resolved": "https://registry.npmjs.org/@types/hammerjs/-/hammerjs-2.0.36.tgz",
			"integrity": "sha512-7TUK/k2/QGpEAv/BCwSHlYu3NXZhQ9ZwBYpzr9tjlPIL2C5BeGhH3DmVavRx3ZNyELX5TLC91JTz/cen6AAtIQ=="
		}
	}
}
