{
  "name": "@egjs/ngx-flicking",
  "version": "3.1.4",
  "lockfileVersion": 1,
  "requires": true,
  "dependencies": {
    "@egjs/axes": {
      "version": "2.6.0",
      "resolved": "https://registry.npmjs.org/@egjs/axes/-/axes-2.6.0.tgz",
      "integrity": "sha512-Zt7MyZHlOsXGMODbJXDUEsAHTfEHzpzmmUtCl0FFASkiQE7PxYWbZ9xv7gj6m1AhdPbD3G6LCHh3RHEw8EXfhw==",
      "requires": {
        "@egjs/component": "^2.1.2",
        "@egjs/hammerjs": "^2.0.15"
      }
    },
    "@egjs/children-differ": {
      "version": "1.0.0",
      "resolved": "https://registry.npmjs.org/@egjs/children-differ/-/children-differ-1.0.0.tgz",
      "integrity": "sha512-NxaJx+dzLUVqLb6iPcu7Mt5m2HDH55VqqZUxGKZ74DKAsL1jxbXSv0jeql0ShN6ZuocULLgr+fztz2bsaBBLkQ==",
      "requires": {
        "@egjs/list-differ": "^1.0.0"
      }
    },
    "@egjs/component": {
      "version": "2.1.2",
      "resolved": "https://registry.npmjs.org/@egjs/component/-/component-2.1.2.tgz",
      "integrity": "sha512-7tnPiqxbSZ0porzlm0+/O3qZdanMj0zOq0sb17wQXuaRG49XKKKJaO+SacGnZDqf308N5hzJ0m9fZ4+j+VBvXA=="
    },
    "@egjs/flicking": {
      "version": "3.4.5",
      "resolved": "https://registry.npmjs.org/@egjs/flicking/-/flicking-3.4.5.tgz",
      "integrity": "sha512-5I43qc4zF4qIxW4VcEXQUtoZXQBmK99HyvB8zM7ZjC/WrfmEBRqXSem+xKQUhS4XyRtGcWc+cAYZpqVBl05IKg==",
      "requires": {
        "@egjs/axes": "^2.5.13",
        "@egjs/component": "^2.1.2",
        "@egjs/list-differ": "^1.0.0"
      }
    },
    "@egjs/hammerjs": {
      "version": "2.0.17",
      "resolved": "https://registry.npmjs.org/@egjs/hammerjs/-/hammerjs-2.0.17.tgz",
      "integrity": "sha512-XQsZgjm2EcVUiZQf11UBJQfmZeEmOW8DpI1gsFeln6w0ae0ii4dMQEQ0kjl6DspdWX1aGY1/loyXnP0JS06e/A==",
      "requires": {
        "@types/hammerjs": "^2.0.36"
      }
    },
    "@egjs/list-differ": {
      "version": "1.0.0",
      "resolved": "https://registry.npmjs.org/@egjs/list-differ/-/list-differ-1.0.0.tgz",
      "integrity": "sha512-HsbMKc0ZAQH+EUeCmI/2PvTYSybmkaWwakU8QGDYYgMVIg9BQ5sM0A0Nnombjxo2+JzXHxmH+jw//yGX+y6GYw=="
    },
    "@egjs/ngx-children-differ": {
      "version": "1.0.0",
      "resolved": "https://registry.npmjs.org/@egjs/ngx-children-differ/-/ngx-children-differ-1.0.0.tgz",
      "integrity": "sha512-1xlzZYPzS0hqbm6+N1Wh8H2DWTfHvl0PD8lmQ41qFFN8i7J0gVB29Am1bt7gI89tAskO96Mr3cLavSywO5GkbA==",
      "requires": {
        "@egjs/children-differ": "^1.0.0",
        "tslib": "^1.9.0"
      }
    },
    "@types/hammerjs": {
      "version": "2.0.36",
      "resolved": "https://registry.npmjs.org/@types/hammerjs/-/hammerjs-2.0.36.tgz",
      "integrity": "sha512-7TUK/k2/QGpEAv/BCwSHlYu3NXZhQ9ZwBYpzr9tjlPIL2C5BeGhH3DmVavRx3ZNyELX5TLC91JTz/cen6AAtIQ=="
    },
    "tslib": {
      "version": "1.10.0",
      "resolved": "https://registry.npmjs.org/tslib/-/tslib-1.10.0.tgz",
      "integrity": "sha512-qOebF53frne81cf0S9B41ByenJ3/IuH8yJKngAX35CmiZySA0khhkovshKK+jGCaMnVomla7gVlIcc3EvKPbTQ=="
    }
  }
}
