{
  "name": "@egjs/ngx-flicking",
  "version": "3.7.1",
  "lockfileVersion": 2,
  "requires": true,
  "packages": {
    "": {
      "name": "@egjs/ngx-flicking",
      "version": "3.7.1",
      "license": "MIT",
      "dependencies": {
        "@egjs/flicking": "~3.9.1",
        "@egjs/ngx-children-differ": "^1.0.0"
      },
      "peerDependencies": {
        "@angular/common": "~9.1.13",
        "@angular/core": "~9.1.13"
      }
    },
    "node_modules/@egjs/agent": {
      "version": "2.3.0",
      "resolved": "https://registry.npmjs.org/@egjs/agent/-/agent-2.3.0.tgz",
      "integrity": "sha512-ENhwkOW6rnYW8IuXJwvECIAzj7nMxq+ctB8uCJ+mKnoKK8tGiv3YXtN6nuaOov2YmXdRdwafSz9rhgRNXswX/A=="
    },
    "node_modules/@egjs/axes": {
      "version": "2.8.0",
      "resolved": "https://registry.npmjs.org/@egjs/axes/-/axes-2.8.0.tgz",
      "integrity": "sha512-WPMIM/ExZBS8guD3oeNr6YGDn2xSnj0YUZHWvY/NWvTQIs7A2O7WxJivYgzcg7r2q0RYtzrdpHn+982iaKCLSw==",
      "dependencies": {
        "@egjs/agent": "^2.2.1",
        "@egjs/component": "^2.2.2",
        "@egjs/hammerjs": "^2.0.15"
      }
    },
    "node_modules/@egjs/children-differ": {
      "version": "1.0.1",
      "resolved": "https://registry.npmjs.org/@egjs/children-differ/-/children-differ-1.0.1.tgz",
      "integrity": "sha512-DRvyqMf+CPCOzAopQKHtW+X8iN6Hy6SFol+/7zCUiE5y4P/OB8JP8FtU4NxtZwtafvSL4faD5KoQYPj3JHzPFQ==",
      "dependencies": {
        "@egjs/list-differ": "^1.0.0"
      }
    },
    "node_modules/@egjs/component": {
      "version": "2.2.2",
      "resolved": "https://registry.npmjs.org/@egjs/component/-/component-2.2.2.tgz",
      "integrity": "sha512-2m6nu6/Mbs6VnoT4IHFGUBX6V82Zp01zDmlWpIJ3fMatHpe7BB1qUYFgMmSWGY0uOvOl4plvflwbCRUAGMfwWQ=="
    },
    "node_modules/@egjs/flicking": {
      "version": "3.9.1",
      "resolved": "https://registry.npmjs.org/@egjs/flicking/-/flicking-3.9.1.tgz",
      "integrity": "sha512-91LWwEvDJ4PraQgvzUDlZ52mjqSX/U2MeQnCGXz0TQpuIRj/7LyrIdeFKMXbg7pI7/VEuPnFawv+e5I3ENj8fA==",
      "dependencies": {
        "@egjs/axes": "^2.8.0",
        "@egjs/component": "^2.2.2",
        "@egjs/imready": "^1.1.2",
        "@egjs/list-differ": "^1.0.0"
      }
    },
    "node_modules/@egjs/hammerjs": {
      "version": "2.0.17",
      "resolved": "https://registry.npmjs.org/@egjs/hammerjs/-/hammerjs-2.0.17.tgz",
      "integrity": "sha512-XQsZgjm2EcVUiZQf11UBJQfmZeEmOW8DpI1gsFeln6w0ae0ii4dMQEQ0kjl6DspdWX1aGY1/loyXnP0JS06e/A==",
      "dependencies": {
        "@types/hammerjs": "^2.0.36"
      },
      "engines": {
        "node": ">=0.8.0"
      }
    },
    "node_modules/@egjs/imready": {
      "version": "1.3.0",
      "resolved": "https://registry.npmjs.org/@egjs/imready/-/imready-1.3.0.tgz",
      "integrity": "sha512-h6qxQup/ZJxEJkDMuyR6yuJ9jsuVan7EyQ8Xa0WkTWAr3HtUYjtDHOCjJvhFg50Xv3C+TkfYj4Mxmkz7zNePSA==",
      "dependencies": {
        "@egjs/component": "^3.0.1"
      }
    },
    "node_modules/@egjs/imready/node_modules/@egjs/component": {
      "version": "3.0.2",
      "resolved": "https://registry.npmjs.org/@egjs/component/-/component-3.0.2.tgz",
      "integrity": "sha512-Mze3mwEE19+dERrimg0JVLtpOHG4AC+LOuKqvF4qGZjn0k23ZbNI7b/gy1LFR63LigC2b8k70aDjy8xoT+WNPA=="
    },
    "node_modules/@egjs/list-differ": {
      "version": "1.0.0",
      "resolved": "https://registry.npmjs.org/@egjs/list-differ/-/list-differ-1.0.0.tgz",
      "integrity": "sha512-HsbMKc0ZAQH+EUeCmI/2PvTYSybmkaWwakU8QGDYYgMVIg9BQ5sM0A0Nnombjxo2+JzXHxmH+jw//yGX+y6GYw=="
    },
    "node_modules/@egjs/ngx-children-differ": {
      "version": "1.0.1",
      "resolved": "https://registry.npmjs.org/@egjs/ngx-children-differ/-/ngx-children-differ-1.0.1.tgz",
      "integrity": "sha512-vjhiPgjKgeStkrs4lcXhrQ118lorAsjIC//yqVPkW9AFuxb2HcODbAE7a91d9Yrj+BvtcpWIfssmdMrNfO73DQ==",
      "dependencies": {
        "@egjs/children-differ": "^1.0.1",
        "tslib": "^1.9.0"
      },
      "peerDependencies": {
        "@angular/common": "^7.2.0",
        "@angular/core": "^7.2.0"
      }
    },
    "node_modules/@types/hammerjs": {
      "version": "2.0.41",
      "resolved": "https://registry.npmjs.org/@types/hammerjs/-/hammerjs-2.0.41.tgz",
      "integrity": "sha512-ewXv/ceBaJprikMcxCmWU1FKyMAQ2X7a9Gtmzw8fcg2kIePI1crERDM818W+XYrxqdBBOdlf2rm137bU+BltCA=="
    },
    "node_modules/tslib": {
      "version": "1.14.1",
      "resolved": "https://registry.npmjs.org/tslib/-/tslib-1.14.1.tgz",
      "integrity": "sha512-Xni35NKzjgMrwevysHTCArtLDpPvye8zV/0E4EyYn43P7/7qvQwPh9BGkHewbMulVntbigmcT7rdX3BNo9wRJg=="
    }
  },
  "dependencies": {
    "@egjs/agent": {
      "version": "2.3.0",
      "resolved": "https://registry.npmjs.org/@egjs/agent/-/agent-2.3.0.tgz",
      "integrity": "sha512-ENhwkOW6rnYW8IuXJwvECIAzj7nMxq+ctB8uCJ+mKnoKK8tGiv3YXtN6nuaOov2YmXdRdwafSz9rhgRNXswX/A=="
    },
    "@egjs/axes": {
      "version": "2.8.0",
      "resolved": "https://registry.npmjs.org/@egjs/axes/-/axes-2.8.0.tgz",
      "integrity": "sha512-WPMIM/ExZBS8guD3oeNr6YGDn2xSnj0YUZHWvY/NWvTQIs7A2O7WxJivYgzcg7r2q0RYtzrdpHn+982iaKCLSw==",
      "requires": {
        "@egjs/agent": "^2.2.1",
        "@egjs/component": "^2.2.2",
        "@egjs/hammerjs": "^2.0.15"
      }
    },
    "@egjs/children-differ": {
      "version": "1.0.1",
      "resolved": "https://registry.npmjs.org/@egjs/children-differ/-/children-differ-1.0.1.tgz",
      "integrity": "sha512-DRvyqMf+CPCOzAopQKHtW+X8iN6Hy6SFol+/7zCUiE5y4P/OB8JP8FtU4NxtZwtafvSL4faD5KoQYPj3JHzPFQ==",
      "requires": {
        "@egjs/list-differ": "^1.0.0"
      }
    },
    "@egjs/component": {
      "version": "2.2.2",
      "resolved": "https://registry.npmjs.org/@egjs/component/-/component-2.2.2.tgz",
      "integrity": "sha512-2m6nu6/Mbs6VnoT4IHFGUBX6V82Zp01zDmlWpIJ3fMatHpe7BB1qUYFgMmSWGY0uOvOl4plvflwbCRUAGMfwWQ=="
    },
    "@egjs/flicking": {
      "version": "3.9.1",
      "resolved": "https://registry.npmjs.org/@egjs/flicking/-/flicking-3.9.1.tgz",
      "integrity": "sha512-91LWwEvDJ4PraQgvzUDlZ52mjqSX/U2MeQnCGXz0TQpuIRj/7LyrIdeFKMXbg7pI7/VEuPnFawv+e5I3ENj8fA==",
      "requires": {
        "@egjs/axes": "^2.8.0",
        "@egjs/component": "^2.2.2",
        "@egjs/imready": "^1.1.2",
        "@egjs/list-differ": "^1.0.0"
      }
    },
    "@egjs/hammerjs": {
      "version": "2.0.17",
      "resolved": "https://registry.npmjs.org/@egjs/hammerjs/-/hammerjs-2.0.17.tgz",
      "integrity": "sha512-XQsZgjm2EcVUiZQf11UBJQfmZeEmOW8DpI1gsFeln6w0ae0ii4dMQEQ0kjl6DspdWX1aGY1/loyXnP0JS06e/A==",
      "requires": {
        "@types/hammerjs": "^2.0.36"
      }
    },
    "@egjs/imready": {
      "version": "1.3.0",
      "resolved": "https://registry.npmjs.org/@egjs/imready/-/imready-1.3.0.tgz",
      "integrity": "sha512-h6qxQup/ZJxEJkDMuyR6yuJ9jsuVan7EyQ8Xa0WkTWAr3HtUYjtDHOCjJvhFg50Xv3C+TkfYj4Mxmkz7zNePSA==",
      "requires": {
        "@egjs/component": "^3.0.1"
      },
      "dependencies": {
        "@egjs/component": {
          "version": "3.0.2",
          "resolved": "https://registry.npmjs.org/@egjs/component/-/component-3.0.2.tgz",
          "integrity": "sha512-Mze3mwEE19+dERrimg0JVLtpOHG4AC+LOuKqvF4qGZjn0k23ZbNI7b/gy1LFR63LigC2b8k70aDjy8xoT+WNPA=="
        }
      }
    },
    "@egjs/list-differ": {
      "version": "1.0.0",
      "resolved": "https://registry.npmjs.org/@egjs/list-differ/-/list-differ-1.0.0.tgz",
      "integrity": "sha512-HsbMKc0ZAQH+EUeCmI/2PvTYSybmkaWwakU8QGDYYgMVIg9BQ5sM0A0Nnombjxo2+JzXHxmH+jw//yGX+y6GYw=="
    },
    "@egjs/ngx-children-differ": {
      "version": "1.0.1",
      "resolved": "https://registry.npmjs.org/@egjs/ngx-children-differ/-/ngx-children-differ-1.0.1.tgz",
      "integrity": "sha512-vjhiPgjKgeStkrs4lcXhrQ118lorAsjIC//yqVPkW9AFuxb2HcODbAE7a91d9Yrj+BvtcpWIfssmdMrNfO73DQ==",
      "requires": {
        "@egjs/children-differ": "^1.0.1",
        "tslib": "^1.9.0"
      }
    },
    "@types/hammerjs": {
      "version": "2.0.41",
      "resolved": "https://registry.npmjs.org/@types/hammerjs/-/hammerjs-2.0.41.tgz",
      "integrity": "sha512-ewXv/ceBaJprikMcxCmWU1FKyMAQ2X7a9Gtmzw8fcg2kIePI1crERDM818W+XYrxqdBBOdlf2rm137bU+BltCA=="
    },
    "tslib": {
      "version": "1.14.1",
      "resolved": "https://registry.npmjs.org/tslib/-/tslib-1.14.1.tgz",
      "integrity": "sha512-Xni35NKzjgMrwevysHTCArtLDpPvye8zV/0E4EyYn43P7/7qvQwPh9BGkHewbMulVntbigmcT7rdX3BNo9wRJg=="
    }
  }
}
