{
  "name": "ngx-flicking",
  "version": "0.0.1",
  "lockfileVersion": 1,
  "requires": true,
  "dependencies": {
    "@egjs/axes": {
      "version": "2.5.12",
      "resolved": "https://registry.npmjs.org/@egjs/axes/-/axes-2.5.12.tgz",
      "integrity": "sha512-oXa7GxMhVdcEeHKEQxD6abqDA5FdZRmBIagPRml8FHKDogitZo00aJeAwHKWIFg4YZsXTRsqrn2+z7leoVLlcQ==",
      "requires": {
        "@egjs/component": "^2.1.2",
        "@egjs/hammerjs": "^2.0.15"
      }
    },
    "@egjs/children-differ": {
      "version": "0.0.0",
      "resolved": "https://registry.npmjs.org/@egjs/children-differ/-/children-differ-0.0.0.tgz",
      "integrity": "sha512-sme5XzpT9aZ3OUl4ydxP6Wv/tFKDP3w5JAnvIPR3Pgq5ZuvFHkL6m/z03u9Yv+pEBv0PpSpvazZep9+gk+bbyw==",
      "requires": {
        "@egjs/list-differ": "^0.0.1"
      }
    },
    "@egjs/component": {
      "version": "2.1.2",
      "resolved": "https://registry.npmjs.org/@egjs/component/-/component-2.1.2.tgz",
      "integrity": "sha512-7tnPiqxbSZ0porzlm0+/O3qZdanMj0zOq0sb17wQXuaRG49XKKKJaO+SacGnZDqf308N5hzJ0m9fZ4+j+VBvXA=="
    },
    "@egjs/flicking": {
      "version": "3.1.1",
      "resolved": "https://registry.npmjs.org/@egjs/flicking/-/flicking-3.1.1.tgz",
      "integrity": "sha512-/av5db5+Lgia5Ago8wyGT7xim3mLXZROZJgT3oMbDHVvpmIwNvktmuPklGBGCpF0LGl1RtYJgnEPdUIsQFpwjA==",
      "requires": {
        "@egjs/axes": "^2.5.12",
        "@egjs/component": "^2.1.2"
      }
    },
    "@egjs/hammerjs": {
      "version": "2.0.15",
      "resolved": "https://registry.npmjs.org/@egjs/hammerjs/-/hammerjs-2.0.15.tgz",
      "integrity": "sha512-BysW5KdNiJ1Qq4JRILaX/Lx2eJGyVPsFSwKA3aJbY+SKv57lS5ZFbEdlgj5shfYPLeJGEnK1WjfleDT+y4s1aQ==",
      "requires": {
        "@types/hammerjs": "^2.0.36"
      }
    },
    "@egjs/list-differ": {
      "version": "0.0.1",
      "resolved": "https://registry.npmjs.org/@egjs/list-differ/-/list-differ-0.0.1.tgz",
      "integrity": "sha512-wSTnvqa15xsmQFVNiU0ipi6V1w6AFiDE5/QOxguk949uO4RiYPxY9QgQP3DWkmHggecp3nnjINElxXP8UM+Wtg=="
    },
    "@egjs/ngx-children-differ": {
      "version": "0.1.0",
      "resolved": "https://registry.npmjs.org/@egjs/ngx-children-differ/-/ngx-children-differ-0.1.0.tgz",
      "integrity": "sha512-L8KnRIfZFMsIPBAztyRstqdlM74Rq1mRA4zBbBgVTs7LcH8OacTdFLNU8CdGZqN0w7nrQD4kuVR+xqwR4jX5lg==",
      "requires": {
        "@egjs/children-differ": "0.0.0"
      }
    },
    "@types/hammerjs": {
      "version": "2.0.36",
      "resolved": "https://registry.npmjs.org/@types/hammerjs/-/hammerjs-2.0.36.tgz",
      "integrity": "sha512-7TUK/k2/QGpEAv/BCwSHlYu3NXZhQ9ZwBYpzr9tjlPIL2C5BeGhH3DmVavRx3ZNyELX5TLC91JTz/cen6AAtIQ=="
    }
  }
}
